{
  "name": "y",
  "version": "1.0.0",
  "lockfileVersion": 1,
  "requires": true,
  "dependencies": {
    "@ant-design/colors": {
      "version": "3.2.2",
      "resolved": "https://registry.npm.taobao.org/@ant-design/colors/download/@ant-design/colors-3.2.2.tgz?cache=0&sync_timestamp=1612935636044&other_urls=https%3A%2F%2Fregistry.npm.taobao.org%2F%40ant-design%2Fcolors%2Fdownload%2F%40ant-design%2Fcolors-3.2.2.tgz",
      "integrity": "sha1-WtQ9YZ6RHzSI66wwPWBuZqhCOQM=",
      "requires": {
        "tinycolor2": "^1.4.1"
      }
    },
    "@ant-design/icons": {
      "version": "2.1.1",
      "resolved": "https://registry.npm.taobao.org/@ant-design/icons/download/@ant-design/icons-2.1.1.tgz",
      "integrity": "sha1-e5wI3/1PXUHbZn2dvl4BB9C9mko="
    },
    "@ant-design/icons-vue": {
      "version": "2.0.0",
      "resolved": "https://registry.npm.taobao.org/@ant-design/icons-vue/download/@ant-design/icons-vue-2.0.0.tgz",
      "integrity": "sha1-A1f1AQpATp80qHpLQbKgjfaR284=",
      "requires": {
        "@ant-design/colors": "^3.1.0",
        "babel-runtime": "^6.26.0"
      }
    },
    "@simonwep/pickr": {
      "version": "1.7.4",
      "resolved": "https://registry.nlark.com/@simonwep/pickr/download/@simonwep/pickr-1.7.4.tgz",
      "integrity": "sha1-sU/NlFiQOIuHDNbbTWx41THyUUE=",
      "requires": {
        "core-js": "^3.6.5",
        "nanopop": "^2.1.0"
      },
      "dependencies": {
        "core-js": {
          "version": "3.15.2",
          "resolved": "https://registry.nlark.com/core-js/download/core-js-3.15.2.tgz?cache=0&other_urls=https%3A%2F%2Fregistry.nlark.com%2Fcore-js%2Fdownload%2Fcore-js-3.15.2.tgz",
          "integrity": "sha1-dAZg0v9V7zTOZk1+JFURnFvdPWE="
        }
      }
    },
    "add-dom-event-listener": {
      "version": "1.1.0",
      "resolved": "https://registry.npm.taobao.org/add-dom-event-listener/download/add-dom-event-listener-1.1.0.tgz",
      "integrity": "sha1-apLbOg3Qq8JU4JXA8dwUrLuq4xA=",
      "requires": {
        "object-assign": "4.x"
      }
    },
    "ant-design-vue": {
      "version": "1.7.6",
      "resolved": "https://registry.nlark.com/ant-design-vue/download/ant-design-vue-1.7.6.tgz?cache=0&sync_timestamp=1626009944812&other_urls=https%3A%2F%2Fregistry.nlark.com%2Fant-design-vue%2Fdownload%2Fant-design-vue-1.7.6.tgz",
      "integrity": "sha1-l2qE/wN8Ll8FhtzWl+r7jPeYOx4=",
      "requires": {
        "@ant-design/icons": "^2.1.1",
        "@ant-design/icons-vue": "^2.0.0",
        "@simonwep/pickr": "~1.7.0",
        "add-dom-event-listener": "^1.0.2",
        "array-tree-filter": "^2.1.0",
        "async-validator": "^3.0.3",
        "babel-helper-vue-jsx-merge-props": "^2.0.3",
        "babel-runtime": "6.x",
        "classnames": "^2.2.5",
        "component-classes": "^1.2.6",
        "dom-align": "^1.10.4",
        "dom-closest": "^0.2.0",
        "dom-scroll-into-view": "^2.0.0",
        "enquire.js": "^2.1.6",
        "intersperse": "^1.0.0",
        "is-mobile": "^2.2.1",
        "is-negative-zero": "^2.0.0",
        "ismobilejs": "^1.0.0",
        "json2mq": "^0.2.0",
        "lodash": "^4.17.5",
        "moment": "^2.21.0",
        "mutationobserver-shim": "^0.3.2",
        "node-emoji": "^1.10.0",
        "omit.js": "^1.0.0",
        "raf": "^3.4.0",
        "resize-observer-polyfill": "^1.5.1",
        "shallow-equal": "^1.0.0",
        "shallowequal": "^1.0.2",
        "vue-ref": "^2.0.0",
        "warning": "^4.0.0"
      },
      "dependencies": {
        "async-validator": {
          "version": "3.5.2",
          "resolved": "https://registry.nlark.com/async-validator/download/async-validator-3.5.2.tgz?cache=0&sync_timestamp=1619756044645&other_urls=https%3A%2F%2Fregistry.nlark.com%2Fasync-validator%2Fdownload%2Fasync-validator-3.5.2.tgz",
          "integrity": "sha1-aOhmqWgk6LJpT/eoMcGiXETV5QA="
        }
      }
    },
    "array-tree-filter": {
      "version": "2.1.0",
      "resolved": "https://registry.npm.taobao.org/array-tree-filter/download/array-tree-filter-2.1.0.tgz",
      "integrity": "sha1-hzrAD+yDdJ8lWsjdCDgUtPYykZA="
    },
    "async-validator": {
      "version": "1.8.5",
      "resolved": "https://registry.nlark.com/async-validator/download/async-validator-1.8.5.tgz?cache=0&sync_timestamp=1619756044645&other_urls=https%3A%2F%2Fregistry.nlark.com%2Fasync-validator%2Fdownload%2Fasync-validator-1.8.5.tgz",
      "integrity": "sha1-3D4I7B/Q3dtn5ghC8CwM0c7G1/A=",
      "requires": {
        "babel-runtime": "6.x"
      }
    },
    "babel-helper-vue-jsx-merge-props": {
      "version": "2.0.3",
      "resolved": "https://registry.npm.taobao.org/babel-helper-vue-jsx-merge-props/download/babel-helper-vue-jsx-merge-props-2.0.3.tgz",
      "integrity": "sha1-Iq69OzOQIyjlEyk6jkmSs4T58bY="
    },
    "babel-runtime": {
      "version": "6.26.0",
      "resolved": "https://registry.npm.taobao.org/babel-runtime/download/babel-runtime-6.26.0.tgz",
      "integrity": "sha1-llxwWGaOgrVde/4E/yM3vItWR/4=",
      "requires": {
        "core-js": "^2.4.0",
        "regenerator-runtime": "^0.11.0"
      }
    },
    "classnames": {
      "version": "2.3.1",
      "resolved": "https://registry.npm.taobao.org/classnames/download/classnames-2.3.1.tgz",
      "integrity": "sha1-38+jiR4wbsHa0QXQ6I9EF7hTXo4="
    },
    "colors": {
      "version": "1.4.0",
      "resolved": "https://registry.nlark.com/colors/download/colors-1.4.0.tgz?cache=0&sync_timestamp=1618846945256&other_urls=https%3A%2F%2Fregistry.nlark.com%2Fcolors%2Fdownload%2Fcolors-1.4.0.tgz",
      "integrity": "sha1-xQSRR51MG9rtLJztMs98fcI2D3g="
    },
    "component-classes": {
      "version": "1.2.6",
      "resolved": "https://registry.npm.taobao.org/component-classes/download/component-classes-1.2.6.tgz",
      "integrity": "sha1-xkI5TDYYpNiwuJGe/Mu9kw5c1pE=",
      "requires": {
        "component-indexof": "0.0.3"
      }
    },
    "component-indexof": {
      "version": "0.0.3",
      "resolved": "https://registry.npm.taobao.org/component-indexof/download/component-indexof-0.0.3.tgz",
      "integrity": "sha1-EdCRMSI5648yyPJa6csAL/6NPCQ="
    },
    "core-js": {
      "version": "2.6.12",
      "resolved": "https://registry.nlark.com/core-js/download/core-js-2.6.12.tgz?cache=0&other_urls=https%3A%2F%2Fregistry.nlark.com%2Fcore-js%2Fdownload%2Fcore-js-2.6.12.tgz",
      "integrity": "sha1-2TM9+nsGXjR8xWgiGdb2kIWcwuw="
    },
    "cross-spawn": {
      "version": "7.0.3",
      "resolved": "https://registry.npm.taobao.org/cross-spawn/download/cross-spawn-7.0.3.tgz",
      "integrity": "sha1-9zqFudXUHQRVUcF34ogtSshXKKY=",
      "requires": {
        "path-key": "^3.1.0",
        "shebang-command": "^2.0.0",
        "which": "^2.0.1"
      }
    },
    "deepmerge": {
      "version": "1.5.2",
      "resolved": "https://registry.npm.taobao.org/deepmerge/download/deepmerge-1.5.2.tgz?cache=0&sync_timestamp=1606805746825&other_urls=https%3A%2F%2Fregistry.npm.taobao.org%2Fdeepmerge%2Fdownload%2Fdeepmerge-1.5.2.tgz",
      "integrity": "sha1-EEmdhohEza1P7ghC34x/bwyVp1M="
    },
    "dom-align": {
      "version": "1.12.2",
      "resolved": "https://registry.nlark.com/dom-align/download/dom-align-1.12.2.tgz?cache=0&sync_timestamp=1621853133882&other_urls=https%3A%2F%2Fregistry.nlark.com%2Fdom-align%2Fdownload%2Fdom-align-1.12.2.tgz",
      "integrity": "sha1-D4Fk69DJwhsMeQMQSTzYVYkqzUs="
    },
    "dom-closest": {
      "version": "0.2.0",
      "resolved": "https://registry.npm.taobao.org/dom-closest/download/dom-closest-0.2.0.tgz",
      "integrity": "sha1-69n5HRvyLo1vR3h2u80+yQIWwM8=",
      "requires": {
        "dom-matches": ">=1.0.1"
      }
    },
    "dom-matches": {
      "version": "2.0.0",
      "resolved": "https://registry.npm.taobao.org/dom-matches/download/dom-matches-2.0.0.tgz",
      "integrity": "sha1-0nKLQWqHUzmA6wibhI0lPPI6dYw="
    },
    "dom-scroll-into-view": {
      "version": "2.0.1",
      "resolved": "https://registry.npm.taobao.org/dom-scroll-into-view/download/dom-scroll-into-view-2.0.1.tgz",
      "integrity": "sha1-DezIUigB/Y0/HGujVadNOCxfmJs="
    },
    "element-ui": {
      "version": "2.15.3",
      "resolved": "https://registry.nlark.com/element-ui/download/element-ui-2.15.3.tgz",
      "integrity": "sha1-VRCKuCo7zGRuewVwhxxIupYwBlI=",
      "requires": {
        "async-validator": "~1.8.1",
        "babel-helper-vue-jsx-merge-props": "^2.0.0",
        "deepmerge": "^1.2.0",
        "normalize-wheel": "^1.0.1",
        "resize-observer-polyfill": "^1.5.0",
        "throttle-debounce": "^1.0.1"
      }
    },
    "enquire.js": {
      "version": "2.1.6",
      "resolved": "https://registry.npm.taobao.org/enquire.js/download/enquire.js-2.1.6.tgz",
      "integrity": "sha1-PoeAybi4NQhMP2DhZtvDwqPImBQ="
    },
    "execa": {
      "version": "5.1.1",
      "resolved": "https://registry.nlark.com/execa/download/execa-5.1.1.tgz?cache=0&sync_timestamp=1622825859616&other_urls=https%3A%2F%2Fregistry.nlark.com%2Fexeca%2Fdownload%2Fexeca-5.1.1.tgz",
      "integrity": "sha1-+ArZy/Qpj3vR1MlVXCHpN0HEEd0=",
      "requires": {
        "cross-spawn": "^7.0.3",
        "get-stream": "^6.0.0",
        "human-signals": "^2.1.0",
        "is-stream": "^2.0.0",
        "merge-stream": "^2.0.0",
        "npm-run-path": "^4.0.1",
        "onetime": "^5.1.2",
        "signal-exit": "^3.0.3",
        "strip-final-newline": "^2.0.0"
      }
    },
    "get-stream": {
      "version": "6.0.1",
      "resolved": "https://registry.nlark.com/get-stream/download/get-stream-6.0.1.tgz",
      "integrity": "sha1-omLY7vZ6ztV8KFKtYWdSakPL97c="
    },
    "human-signals": {
      "version": "2.1.0",
      "resolved": "https://registry.nlark.com/human-signals/download/human-signals-2.1.0.tgz",
      "integrity": "sha1-3JH8ukLk0G5Kuu0zs+ejwC9RTqA="
    },
    "intersperse": {
      "version": "1.0.0",
      "resolved": "https://registry.npm.taobao.org/intersperse/download/intersperse-1.0.0.tgz",
      "integrity": "sha1-8lYfsc/vn1J3zDNHoiiGtDUaUYE="
    },
    "is-mobile": {
      "version": "2.2.2",
      "resolved": "https://registry.npm.taobao.org/is-mobile/download/is-mobile-2.2.2.tgz",
      "integrity": "sha1-9snF1Q7gElTOBec5vdg18e1OmVQ="
    },
    "is-negative-zero": {
      "version": "2.0.1",
      "resolved": "https://registry.nlark.com/is-negative-zero/download/is-negative-zero-2.0.1.tgz",
      "integrity": "sha1-PedGwY3aIxkkGlNnWQjY92bxHCQ="
    },
    "is-stream": {
      "version": "2.0.0",
      "resolved": "https://registry.npm.taobao.org/is-stream/download/is-stream-2.0.0.tgz",
      "integrity": "sha1-venDJoDW+uBBKdasnZIc54FfeOM="
    },
    "isexe": {
      "version": "2.0.0",
      "resolved": "https://registry.npm.taobao.org/isexe/download/isexe-2.0.0.tgz",
      "integrity": "sha1-6PvzdNxVb/iUehDcsFctYz8s+hA="
    },
    "ismobilejs": {
      "version": "1.1.1",
      "resolved": "https://registry.npm.taobao.org/ismobilejs/download/ismobilejs-1.1.1.tgz",
      "integrity": "sha1-xWygro5Sskyg8iul7zIVot27qg4="
    },
    "js-tokens": {
      "version": "4.0.0",
      "resolved": "https://registry.nlark.com/js-tokens/download/js-tokens-4.0.0.tgz?cache=0&sync_timestamp=1619345098261&other_urls=https%3A%2F%2Fregistry.nlark.com%2Fjs-tokens%2Fdownload%2Fjs-tokens-4.0.0.tgz",
      "integrity": "sha1-GSA/tZmR35jjoocFDUZHzerzJJk="
    },
    "json2mq": {
      "version": "0.2.0",
      "resolved": "https://registry.npm.taobao.org/json2mq/download/json2mq-0.2.0.tgz",
      "integrity": "sha1-tje9O6nqvhIsg+lyBIOusQ0skEo=",
      "requires": {
        "string-convert": "^0.2.0"
      }
    },
    "lodash": {
      "version": "4.17.21",
      "resolved": "https://registry.npm.taobao.org/lodash/download/lodash-4.17.21.tgz",
      "integrity": "sha1-Z5WRxWTDv/quhFTPCz3zcMPWkRw="
    },
    "lodash.toarray": {
      "version": "4.4.0",
      "resolved": "https://registry.npm.taobao.org/lodash.toarray/download/lodash.toarray-4.4.0.tgz",
      "integrity": "sha1-JMS/zWsvuji/0FlNsRedjptlZWE="
    },
    "loose-envify": {
      "version": "1.4.0",
      "resolved": "https://registry.npm.taobao.org/loose-envify/download/loose-envify-1.4.0.tgz",
      "integrity": "sha1-ce5R+nvkyuwaY4OffmgtgTLTDK8=",
      "requires": {
        "js-tokens": "^3.0.0 || ^4.0.0"
      }
    },
    "merge-stream": {
      "version": "2.0.0",
      "resolved": "https://registry.npm.taobao.org/merge-stream/download/merge-stream-2.0.0.tgz",
      "integrity": "sha1-UoI2KaFN0AyXcPtq1H3GMQ8sH2A="
    },
    "mimic-fn": {
      "version": "2.1.0",
      "resolved": "https://registry.npm.taobao.org/mimic-fn/download/mimic-fn-2.1.0.tgz?cache=0&sync_timestamp=1617823674050&other_urls=https%3A%2F%2Fregistry.npm.taobao.org%2Fmimic-fn%2Fdownload%2Fmimic-fn-2.1.0.tgz",
      "integrity": "sha1-ftLCzMyvhNP/y3pptXcR/CCDQBs="
    },
    "moment": {
      "version": "2.29.1",
      "resolved": "https://registry.npm.taobao.org/moment/download/moment-2.29.1.tgz",
      "integrity": "sha1-sr52n6MZQL6e7qZGnAdeNQBvo9M="
    },
    "mutationobserver-shim": {
      "version": "0.3.7",
      "resolved": "https://registry.npm.taobao.org/mutationobserver-shim/download/mutationobserver-shim-0.3.7.tgz",
      "integrity": "sha1-i/YzsMCwKRoRByVe0ywTCIqMW/M="
    },
    "nanopop": {
      "version": "2.1.0",
      "resolved": "https://registry.npm.taobao.org/nanopop/download/nanopop-2.1.0.tgz",
      "integrity": "sha1-I0dlE87iQFiIr9LopLVAZrcLnmA="
    },
    "node-emoji": {
      "version": "1.10.0",
      "resolved": "https://registry.npm.taobao.org/node-emoji/download/node-emoji-1.10.0.tgz",
      "integrity": "sha1-iIar0l2ce7YYAqZYUj0fjSqJsto=",
      "requires": {
        "lodash.toarray": "^4.4.0"
      }
    },
    "normalize-wheel": {
      "version": "1.0.1",
      "resolved": "https://registry.npm.taobao.org/normalize-wheel/download/normalize-wheel-1.0.1.tgz",
      "integrity": "sha1-rsiGr/2wRQcNhWRH32Ls+GFG7EU="
    },
    "npm-run-path": {
      "version": "4.0.1",
      "resolved": "https://registry.nlark.com/npm-run-path/download/npm-run-path-4.0.1.tgz",
      "integrity": "sha1-t+zR5e1T2o43pV4cImnguX7XSOo=",
      "requires": {
        "path-key": "^3.0.0"
      }
    },
    "object-assign": {
      "version": "4.1.1",
      "resolved": "https://registry.npm.taobao.org/object-assign/download/object-assign-4.1.1.tgz",
      "integrity": "sha1-IQmtx5ZYh8/AXLvUQsrIv7s2CGM="
    },
    "omit.js": {
      "version": "1.0.2",
      "resolved": "https://registry.npm.taobao.org/omit.js/download/omit.js-1.0.2.tgz",
      "integrity": "sha1-kaFPDrqEBm36AVvzDkdMR/MLyFg=",
      "requires": {
        "babel-runtime": "^6.23.0"
      }
    },
    "onetime": {
      "version": "5.1.2",
      "resolved": "https://registry.npm.taobao.org/onetime/download/onetime-5.1.2.tgz",
      "integrity": "sha1-0Oluu1awdHbfHdnEgG5SN5hcpF4=",
      "requires": {
        "mimic-fn": "^2.1.0"
      }
    },
    "path-key": {
      "version": "3.1.1",
      "resolved": "https://registry.npm.taobao.org/path-key/download/path-key-3.1.1.tgz?cache=0&sync_timestamp=1617971691339&other_urls=https%3A%2F%2Fregistry.npm.taobao.org%2Fpath-key%2Fdownload%2Fpath-key-3.1.1.tgz",
      "integrity": "sha1-WB9q3mWMu6ZaDTOA3ndTKVBU83U="
    },
    "performance-now": {
      "version": "2.1.0",
      "resolved": "https://registry.npm.taobao.org/performance-now/download/performance-now-2.1.0.tgz",
      "integrity": "sha1-Ywn04OX6kT7BxpMHrjZLSzd8nns="
    },
    "progress": {
      "version": "2.0.3",
      "resolved": "https://registry.npm.taobao.org/progress/download/progress-2.0.3.tgz",
      "integrity": "sha1-foz42PW48jnBvGi+tOt4Vn1XLvg="
    },
    "raf": {
      "version": "3.4.1",
      "resolved": "https://registry.npm.taobao.org/raf/download/raf-3.4.1.tgz",
      "integrity": "sha1-B0LpmkplUvRF1z4+4DKK8P8e3jk=",
      "requires": {
        "performance-now": "^2.1.0"
      }
    },
    "regenerator-runtime": {
      "version": "0.11.1",
      "resolved": "https://registry.nlark.com/regenerator-runtime/download/regenerator-runtime-0.11.1.tgz?cache=0&sync_timestamp=1626992969133&other_urls=https%3A%2F%2Fregistry.nlark.com%2Fregenerator-runtime%2Fdownload%2Fregenerator-runtime-0.11.1.tgz",
      "integrity": "sha1-vgWtf5v30i4Fb5cmzuUBf78Z4uk="
    },
    "resize-observer-polyfill": {
      "version": "1.5.1",
      "resolved": "https://registry.npm.taobao.org/resize-observer-polyfill/download/resize-observer-polyfill-1.5.1.tgz",
      "integrity": "sha1-DpAg3T0hAkRY1OvSfiPkAmmBBGQ="
    },
    "shallow-equal": {
      "version": "1.2.1",
      "resolved": "https://registry.npm.taobao.org/shallow-equal/download/shallow-equal-1.2.1.tgz",
      "integrity": "sha1-TBar+lYEOqINBQMk76aJQLDaedo="
    },
    "shallowequal": {
      "version": "1.1.0",
      "resolved": "https://registry.npm.taobao.org/shallowequal/download/shallowequal-1.1.0.tgz?cache=0&sync_timestamp=1616049083960&other_urls=https%3A%2F%2Fregistry.npm.taobao.org%2Fshallowequal%2Fdownload%2Fshallowequal-1.1.0.tgz",
      "integrity": "sha1-GI1SHelbkIdAT9TctosT3wrk5/g="
    },
    "shebang-command": {
      "version": "2.0.0",
      "resolved": "https://registry.npm.taobao.org/shebang-command/download/shebang-command-2.0.0.tgz",
      "integrity": "sha1-zNCvT4g1+9wmW4JGGq8MNmY/NOo=",
      "requires": {
        "shebang-regex": "^3.0.0"
      }
    },
    "shebang-regex": {
      "version": "3.0.0",
      "resolved": "https://registry.npm.taobao.org/shebang-regex/download/shebang-regex-3.0.0.tgz",
      "integrity": "sha1-rhbxZE2HPsrYQ7AwexQzYtTEIXI="
    },
    "signal-exit": {
      "version": "3.0.3",
      "resolved": "https://registry.npm.taobao.org/signal-exit/download/signal-exit-3.0.3.tgz",
      "integrity": "sha1-oUEMLt2PB3sItOJTyOrPyvBXRhw="
    },
    "string-convert": {
      "version": "0.2.1",
      "resolved": "https://registry.npm.taobao.org/string-convert/download/string-convert-0.2.1.tgz",
      "integrity": "sha1-aYLMMEn7tM2F+LJFaLnZvznu/5c="
    },
    "strip-final-newline": {
      "version": "2.0.0",
      "resolved": "https://registry.nlark.com/strip-final-newline/download/strip-final-newline-2.0.0.tgz",
      "integrity": "sha1-ibhS+y/L6Tb29LMYevsKEsGrWK0="
    },
    "throttle-debounce": {
      "version": "1.1.0",
      "resolved": "https://registry.npm.taobao.org/throttle-debounce/download/throttle-debounce-1.1.0.tgz",
      "integrity": "sha1-UYU9o3vmihVctugns1FKPEIuic0="
    },
    "tinycolor2": {
      "version": "1.4.2",
      "resolved": "https://registry.npm.taobao.org/tinycolor2/download/tinycolor2-1.4.2.tgz",
      "integrity": "sha1-P2pNEHGtB2dtf6Ry4frECnGdiAM="
    },
    "vue-ref": {
      "version": "2.0.0",
      "resolved": "https://registry.npm.taobao.org/vue-ref/download/vue-ref-2.0.0.tgz",
      "integrity": "sha1-SDCE1zKr7RHaeWd4qCZqOvDqGpw="
    },
    "warning": {
      "version": "4.0.3",
      "resolved": "https://registry.npm.taobao.org/warning/download/warning-4.0.3.tgz",
      "integrity": "sha1-Fungd+uKhtavfWSqHgX9hbRnjKM=",
      "requires": {
        "loose-envify": "^1.0.0"
      }
    },
    "which": {
      "version": "2.0.2",
      "resolved": "https://registry.npm.taobao.org/which/download/which-2.0.2.tgz",
      "integrity": "sha1-fGqN0KY2oDJ+ELWckobu6T8/UbE=",
      "requires": {
        "isexe": "^2.0.0"
      }
    }
  }
}
